
Microsoft Visual Studio Solution File, Format Version 12.00
# Visual Studio Version 17
VisualStudioVersion = 17.0.31903.59
MinimumVisualStudioVersion = 10.0.40219.1
Project("{FAE04EC0-301F-11D3-BF4B-00C04F79EFBC}") = "Calc", "Calc\Calc.csproj", "{7CDA538D-C236-4FF3-8374-B908FE2ED392}"
EndProject
Project("{FAE04EC0-301F-11D3-BF4B-00C04F79EFBC}") = "Calc.Tests", "Calc.Tests\Calc.Tests.csproj", "{88C5C219-4CFC-43B5-8F35-7843550A2AED}"
EndProject
Project("{FAE04EC0-301F-11D3-BF4B-00C04F79EFBC}") = "Calc.UI", "Calc.UI\Calc.UI.csproj", "{80216A13-DE7B-49F6-8668-D560EF4D3FA5}"
EndProject
Global
	GlobalSection(SolutionConfigurationPlatforms) = preSolution
		Debug|Any CPU = Debug|Any CPU
		Release|Any CPU = Release|Any CPU
	EndGlobalSection
	GlobalSection(SolutionProperties) = preSolution
		HideSolutionNode = FALSE
	EndGlobalSection
	GlobalSection(ProjectConfigurationPlatforms) = postSolution
		{7CDA538D-C236-4FF3-8374-B908FE2ED392}.Debug|Any CPU.ActiveCfg = Debug|Any CPU
		{7CDA538D-C236-4FF3-8374-B908FE2ED392}.Debug|Any CPU.Build.0 = Debug|Any CPU
		{7CDA538D-C236-4FF3-8374-B908FE2ED392}.Release|Any CPU.ActiveCfg = Release|Any CPU
		{7CDA538D-C236-4FF3-8374-B908FE2ED392}.Release|Any CPU.Build.0 = Release|Any CPU
		{88C5C219-4CFC-43B5-8F35-7843550A2AED}.Debug|Any CPU.ActiveCfg = Debug|Any CPU
		{88C5C219-4CFC-43B5-8F35-7843550A2AED}.Debug|Any CPU.Build.0 = Debug|Any CPU
		{88C5C219-4CFC-43B5-8F35-7843550A2AED}.Release|Any CPU.ActiveCfg = Release|Any CPU
		{88C5C219-4CFC-43B5-8F35-7843550A2AED}.Release|Any CPU.Build.0 = Release|Any CPU
		{80216A13-DE7B-49F6-8668-D560EF4D3FA5}.Debug|Any CPU.ActiveCfg = Debug|Any CPU
		{80216A13-DE7B-49F6-8668-D560EF4D3FA5}.Debug|Any CPU.Build.0 = Debug|Any CPU
		{80216A13-DE7B-49F6-8668-D560EF4D3FA5}.Release|Any CPU.ActiveCfg = Release|Any CPU
		{80216A13-DE7B-49F6-8668-D560EF4D3FA5}.Release|Any CPU.Build.0 = Release|Any CPU
	EndGlobalSection
EndGlobal
